
Microsoft Visual Studio Solution File, Format Version 12.00
# Visual Studio Version 16
VisualStudioVersion = 16.0.31911.196
MinimumVisualStudioVersion = 10.0.40219.1
Project("{FAE04EC0-301F-11D3-BF4B-00C04F79EFBC}") = "Calendar", "Calendar\Calendar.csproj", "{1F1423A2-8C71-42E9-B95C-FF70CF49FB54}"
EndProject
Global
	GlobalSection(SolutionConfigurationPlatforms) = preSolution
		Debug|Any CPU = Debug|Any CPU
		Release|Any CPU = Release|Any CPU
	EndGlobalSection
	GlobalSection(ProjectConfigurationPlatforms) = postSolution
		{1F1423A2-8C71-42E9-B95C-FF70CF49FB54}.Debug|Any CPU.ActiveCfg = Debug|Any CPU
		{1F1423A2-8C71-42E9-B95C-FF70CF49FB54}.Debug|Any CPU.Build.0 = Debug|Any CPU
		{1F1423A2-8C71-42E9-B95C-FF70CF49FB54}.Release|Any CPU.ActiveCfg = Release|Any CPU
		{1F1423A2-8C71-42E9-B95C-FF70CF49FB54}.Release|Any CPU.Build.0 = Release|Any CPU
	EndGlobalSection
	GlobalSection(SolutionProperties) = preSolution
		HideSolutionNode = FALSE
	EndGlobalSection
	GlobalSection(ExtensibilityGlobals) = postSolution
		SolutionGuid = {BAA04616-ED33-4AEB-8A88-EF6C037B9ED8}
	EndGlobalSection
EndGlobal
